// !$*UTF8*$!
{
	archiveVersion = 1;
	classes = {
	};
	objectVersion = 46;
	objects = {

/* Begin PBXBuildFile section */
		C1608BC01DB8184A0042E2EB /* main.cpp in Sources */ = {isa = PBXBuildFile; fileRef = C1608BBF1DB8184A0042E2EB /* main.cpp */; };
		C1608BC81DB820660042E2EB /* Double Capacity.cpp in Sources */ = {isa = PBXBuildFile; fileRef = C1608BC61DB820660042E2EB /* Double Capacity.cpp */; };
		C1608BCB1DB824BE0042E2EB /* Smallest element.cpp in Sources */ = {isa = PBXBuildFile; fileRef = C1608BC91DB824BE0042E2EB /* Smallest element.cpp */; };
		C1608BCE1DB82C060042E2EB /* Rectangle2D.cpp in Sources */ = {isa = PBXBuildFile; fileRef = C1608BCC1DB82C060042E2EB /* Rectangle2D.cpp */; };
		C1608BD11DB82E3F0042E2EB /* Course.cpp in Sources */ = {isa = PBXBuildFile; fileRef = C1608BCF1DB82E3F0042E2EB /* Course.cpp */; };
/* End PBXBuildFile section */

/* Begin PBXCopyFilesBuildPhase section */
		C1608BBA1DB818490042E2EB /* CopyFiles */ = {
			isa = PBXCopyFilesBuildPhase;
			buildActionMask = 2147483647;
			dstPath = /usr/share/man/man1/;
			dstSubfolderSpec = 0;
			files = (
			);
			runOnlyForDeploymentPostprocessing = 1;
		};
/* End PBXCopyFilesBuildPhase section */

/* Begin PBXFileReference section */
		C1608BBC1DB818490042E2EB /* HW#04 */ = {isa = PBXFileReference; explicitFileType = "compiled.mach-o.executable"; includeInIndex = 0; path = "HW#04"; sourceTree = BUILT_PRODUCTS_DIR; };
		C1608BBF1DB8184A0042E2EB /* main.cpp */ = {isa = PBXFileReference; lastKnownFileType = sourcecode.cpp.cpp; path = main.cpp; sourceTree = "<group>"; };
		C1608BC61DB820660042E2EB /* Double Capacity.cpp */ = {isa = PBXFileReference; fileEncoding = 4; lastKnownFileType = sourcecode.cpp.cpp; path = "Double Capacity.cpp"; sourceTree = "<group>"; };
		C1608BC71DB820660042E2EB /* Double Capacity.hpp */ = {isa = PBXFileReference; fileEncoding = 4; lastKnownFileType = sourcecode.cpp.h; path = "Double Capacity.hpp"; sourceTree = "<group>"; };
		C1608BC91DB824BE0042E2EB /* Smallest element.cpp */ = {isa = PBXFileReference; fileEncoding = 4; lastKnownFileType = sourcecode.cpp.cpp; path = "Smallest element.cpp"; sourceTree = "<group>"; };
		C1608BCA1DB824BE0042E2EB /* Smallest element.hpp */ = {isa = PBXFileReference; fileEncoding = 4; lastKnownFileType = sourcecode.cpp.h; path = "Smallest element.hpp"; sourceTree = "<group>"; };
		C1608BCC1DB82C060042E2EB /* Rectangle2D.cpp */ = {isa = PBXFileReference; fileEncoding = 4; lastKnownFileType = sourcecode.cpp.cpp; path = Rectangle2D.cpp; sourceTree = "<group>"; };
		C1608BCD1DB82C060042E2EB /* Rectangle2D.hpp */ = {isa = PBXFileReference; fileEncoding = 4; lastKnownFileType = sourcecode.cpp.h; path = Rectangle2D.hpp; sourceTree = "<group>"; };
		C1608BCF1DB82E3F0042E2EB /* Course.cpp */ = {isa = PBXFileReference; fileEncoding = 4; lastKnownFileType = sourcecode.cpp.cpp; path = Course.cpp; sourceTree = "<group>"; };
		C1608BD01DB82E3F0042E2EB /* Course.hpp */ = {isa = PBXFileReference; fileEncoding = 4; lastKnownFileType = sourcecode.cpp.h; path = Course.hpp; sourceTree = "<group>"; };
/* End PBXFileReference section */

/* Begin PBXFrameworksBuildPhase section */
		C1608BB91DB818490042E2EB /* Frameworks */ = {
			isa = PBXFrameworksBuildPhase;
			buildActionMask = 2147483647;
			files = (
			);
			runOnlyForDeploymentPostprocessing = 0;
		};
/* End PBXFrameworksBuildPhase section */

/* Begin PBXGroup section */
		C1608BB31DB818490042E2EB = {
			isa = PBXGroup;
			children = (
				C1608BBE1DB818490042E2EB /* HW#04 */,
				C1608BBD1DB818490042E2EB /* Products */,
			);
			sourceTree = "<group>";
		};
		C1608BBD1DB818490042E2EB /* Products */ = {
			isa = PBXGroup;
			children = (
				C1608BBC1DB818490042E2EB /* HW#04 */,
			);
			name = Products;
			sourceTree = "<group>";
		};
		C1608BBE1DB818490042E2EB /* HW#04 */ = {
			isa = PBXGroup;
			children = (
				C1608BBF1DB8184A0042E2EB /* main.cpp */,
				C1608BC61DB820660042E2EB /* Double Capacity.cpp */,
				C1608BC71DB820660042E2EB /* Double Capacity.hpp */,
				C1608BC91DB824BE0042E2EB /* Smallest element.cpp */,
				C1608BCA1DB824BE0042E2EB /* Smallest element.hpp */,
				C1608BCC1DB82C060042E2EB /* Rectangle2D.cpp */,
				C1608BCD1DB82C060042E2EB /* Rectangle2D.hpp */,
				C1608BCF1DB82E3F0042E2EB /* Course.cpp */,
				C1608BD01DB82E3F0042E2EB /* Course.hpp */,
			);
			path = "HW#04";
			sourceTree = "<group>";
		};
/* End PBXGroup section */

/* Begin PBXNativeTarget section */
		C1608BBB1DB818490042E2EB /* HW#04 */ = {
			isa = PBXNativeTarget;
			buildConfigurationList = C1608BC31DB8184A0042E2EB /* Build configuration list for PBXNativeTarget "HW#04" */;
			buildPhases = (
				C1608BB81DB818490042E2EB /* Sources */,
				C1608BB91DB818490042E2EB /* Frameworks */,
				C1608BBA1DB818490042E2EB /* CopyFiles */,
			);
			buildRules = (
			);
			dependencies = (
			);
			name = "HW#04";
			productName = "HW#04";
			productReference = C1608BBC1DB818490042E2EB /* HW#04 */;
			productType = "com.apple.product-type.tool";
		};
/* End PBXNativeTarget section */

/* Begin PBXProject section */
		C1608BB41DB818490042E2EB /* Project object */ = {
			isa = PBXProject;
			attributes = {
				LastUpgradeCheck = 0800;
				ORGANIZATIONNAME = "Megan Bruening";
				TargetAttributes = {
					C1608BBB1DB818490042E2EB = {
						CreatedOnToolsVersion = 8.0;
						ProvisioningStyle = Automatic;
					};
				};
			};
			buildConfigurationList = C1608BB71DB818490042E2EB /* Build configuration list for PBXProject "HW#04" */;
			compatibilityVersion = "Xcode 3.2";
			developmentRegion = English;
			hasScannedForEncodings = 0;
			knownRegions = (
				en,
			);
			mainGroup = C1608BB31DB818490042E2EB;
			productRefGroup = C1608BBD1DB818490042E2EB /* Products */;
			projectDirPath = "";
			projectRoot = "";
			targets = (
				C1608BBB1DB818490042E2EB /* HW#04 */,
			);
		};
/* End PBXProject section */

/* Begin PBXSourcesBuildPhase section */
		C1608BB81DB818490042E2EB /* Sources */ = {
			isa = PBXSourcesBuildPhase;
			buildActionMask = 2147483647;
			files = (
				C1608BCB1DB824BE0042E2EB /* Smallest element.cpp in Sources */,
				C1608BC01DB8184A0042E2EB /* main.cpp in Sources */,
				C1608BD11DB82E3F0042E2EB /* Course.cpp in Sources */,
				C1608BC81DB820660042E2EB /* Double Capacity.cpp in Sources */,
				C1608BCE1DB82C060042E2EB /* Rectangle2D.cpp in Sources */,
			);
			runOnlyForDeploymentPostprocessing = 0;
		};
/* End PBXSourcesBuildPhase section */

/* Begin XCBuildConfiguration section */
		C1608BC11DB8184A0042E2EB /* Debug */ = {
			isa = XCBuildConfiguration;
			buildSettings = {
				ALWAYS_SEARCH_USER_PATHS = NO;
				CLANG_ANALYZER_NONNULL = YES;
				CLANG_CXX_LANGUAGE_STANDARD = "gnu++0x";
				CLANG_CXX_LIBRARY = "libc++";
				CLANG_ENABLE_MODULES = YES;
				CLANG_ENABLE_OBJC_ARC = YES;
				CLANG_WARN_BOOL_CONVERSION = YES;
				CLANG_WARN_CONSTANT_CONVERSION = YES;
				CLANG_WARN_DIRECT_OBJC_ISA_USAGE = YES_ERROR;
				CLANG_WARN_DOCUMENTATION_COMMENTS = YES;
				CLANG_WARN_EMPTY_BODY = YES;
				CLANG_WARN_ENUM_CONVERSION = YES;
				CLANG_WARN_INFINITE_RECURSION = YES;
				CLANG_WARN_INT_CONVERSION = YES;
				CLANG_WARN_OBJC_ROOT_CLASS = YES_ERROR;
				CLANG_WARN_SUSPICIOUS_MOVES = YES;
				CLANG_WARN_UNREACHABLE_CODE = YES;
				CLANG_WARN__DUPLICATE_METHOD_MATCH = YES;
				CODE_SIGN_IDENTITY = "-";
				COPY_PHASE_STRIP = NO;
				DEBUG_INFORMATION_FORMAT = dwarf;
				ENABLE_STRICT_OBJC_MSGSEND = YES;
				ENABLE_TESTABILITY = YES;
				GCC_C_LANGUAGE_STANDARD = gnu99;
				GCC_DYNAMIC_NO_PIC = NO;
				GCC_NO_COMMON_BLOCKS = YES;
				GCC_OPTIMIZATION_LEVEL = 0;
				GCC_PREPROCESSOR_DEFINITIONS = (
					"DEBUG=1",
					"$(inherited)",
				);
				GCC_WARN_64_TO_32_BIT_CONVERSION = YES;
				GCC_WARN_ABOUT_RETURN_TYPE = YES_ERROR;
				GCC_WARN_UNDECLARED_SELECTOR = YES;
				GCC_WARN_UNINITIALIZED_AUTOS = YES_AGGRESSIVE;
				GCC_WARN_UNUSED_FUNCTION = YES;
				GCC_WARN_UNUSED_VARIABLE = YES;
				MACOSX_DEPLOYMENT_TARGET = 10.12;
				MTL_ENABLE_DEBUG_INFO = YES;
				ONLY_ACTIVE_ARCH = YES;
				SDKROOT = macosx;
			};
			name = Debug;
		};
		C1608BC21DB8184A0042E2EB /* Release */ = {
			isa = XCBuildConfiguration;
			buildSettings = {
				ALWAYS_SEARCH_USER_PATHS = NO;
				CLANG_ANALYZER_NONNULL = YES;
				CLANG_CXX_LANGUAGE_STANDARD = "gnu++0x";
				CLANG_CXX_LIBRARY = "libc++";
				CLANG_ENABLE_MODULES = YES;
				CLANG_ENABLE_OBJC_ARC = YES;
				CLANG_WARN_BOOL_CONVERSION = YES;
				CLANG_WARN_CONSTANT_CONVERSION = YES;
				CLANG_WARN_DIRECT_OBJC_ISA_USAGE = YES_ERROR;
				CLANG_WARN_DOCUMENTATION_COMMENTS = YES;
				CLANG_WARN_EMPTY_BODY = YES;
				CLANG_WARN_ENUM_CONVERSION = YES;
				CLANG_WARN_INFINITE_RECURSION = YES;
				CLANG_WARN_INT_CONVERSION = YES;
				CLANG_WARN_OBJC_ROOT_CLASS = YES_ERROR;
				CLANG_WARN_SUSPICIOUS_MOVES = YES;
				CLANG_WARN_UNREACHABLE_CODE = YES;
				CLANG_WARN__DUPLICATE_METHOD_MATCH = YES;
				CODE_SIGN_IDENTITY = "-";
				COPY_PHASE_STRIP = NO;
				DEBUG_INFORMATION_FORMAT = "dwarf-with-dsym";
				ENABLE_NS_ASSERTIONS = NO;
				ENABLE_STRICT_OBJC_MSGSEND = YES;
				GCC_C_LANGUAGE_STANDARD = gnu99;
				GCC_NO_COMMON_BLOCKS = YES;
				GCC_WARN_64_TO_32_BIT_CONVERSION = YES;
				GCC_WARN_ABOUT_RETURN_TYPE = YES_ERROR;
				GCC_WARN_UNDECLARED_SELECTOR = YES;
				GCC_WARN_UNINITIALIZED_AUTOS = YES_AGGRESSIVE;
				GCC_WARN_UNUSED_FUNCTION = YES;
				GCC_WARN_UNUSED_VARIABLE = YES;
				MACOSX_DEPLOYMENT_TARGET = 10.12;
				MTL_ENABLE_DEBUG_INFO = NO;
				SDKROOT = macosx;
			};
			name = Release;
		};
		C1608BC41DB8184A0042E2EB /* Debug */ = {
			isa = XCBuildConfiguration;
			buildSettings = {
				PRODUCT_NAME = "$(TARGET_NAME)";
			};
			name = Debug;
		};
		C1608BC51DB8184A0042E2EB /* Release */ = {
			isa = XCBuildConfiguration;
			buildSettings = {
				PRODUCT_NAME = "$(TARGET_NAME)";
			};
			name = Release;
		};
/* End XCBuildConfiguration section */

/* Begin XCConfigurationList section */
		C1608BB71DB818490042E2EB /* Build configuration list for PBXProject "HW#04" */ = {
			isa = XCConfigurationList;
			buildConfigurations = (
				C1608BC11DB8184A0042E2EB /* Debug */,
				C1608BC21DB8184A0042E2EB /* Release */,
			);
			defaultConfigurationIsVisible = 0;
			defaultConfigurationName = Release;
		};
		C1608BC31DB8184A0042E2EB /* Build configuration list for PBXNativeTarget "HW#04" */ = {
			isa = XCConfigurationList;
			buildConfigurations = (
				C1608BC41DB8184A0042E2EB /* Debug */,
				C1608BC51DB8184A0042E2EB /* Release */,
			);
			defaultConfigurationIsVisible = 0;
		};
/* End XCConfigurationList section */
	};
	rootObject = C1608BB41DB818490042E2EB /* Project object */;
}
